
Microsoft Visual Studio Solution File, Format Version 12.00
Project("{FAE04EC0-301F-11D3-BF4B-00C04F79EFBC}") = "BusTrackBackEnd.API", "BusTrackBackEnd.API\BusTrackBackEnd.API.csproj", "{38449AEB-C018-44ED-9A38-F834C3FB1CB3}"
EndProject
Global
	GlobalSection(SolutionConfigurationPlatforms) = preSolution
		Debug|Any CPU = Debug|Any CPU
		Release|Any CPU = Release|Any CPU
	EndGlobalSection
	GlobalSection(ProjectConfigurationPlatforms) = postSolution
		{38449AEB-C018-44ED-9A38-F834C3FB1CB3}.Debug|Any CPU.ActiveCfg = Debug|Any CPU
		{38449AEB-C018-44ED-9A38-F834C3FB1CB3}.Debug|Any CPU.Build.0 = Debug|Any CPU
		{38449AEB-C018-44ED-9A38-F834C3FB1CB3}.Release|Any CPU.ActiveCfg = Release|Any CPU
		{38449AEB-C018-44ED-9A38-F834C3FB1CB3}.Release|Any CPU.Build.0 = Release|Any CPU
	EndGlobalSection
EndGlobal
